// !$*UTF8*$!
{
	archiveVersion = 1;
	classes = {
	};
	objectVersion = 56;
	objects = {

/* Begin PBXBuildFile section */
		3F2FD87D2BB4C3E8006D286B /* MoviesApp.swift in Sources */ = {isa = PBXBuildFile; fileRef = 3F2FD87C2BB4C3E8006D286B /* MoviesApp.swift */; };
		3F2FD87F2BB4C3E8006D286B /* ContentView.swift in Sources */ = {isa = PBXBuildFile; fileRef = 3F2FD87E2BB4C3E8006D286B /* ContentView.swift */; };
		3F2FD8812BB4C3EC006D286B /* Assets.xcassets in Resources */ = {isa = PBXBuildFile; fileRef = 3F2FD8802BB4C3EC006D286B /* Assets.xcassets */; };
		3F2FD8842BB4C3EC006D286B /* Preview Assets.xcassets in Resources */ = {isa = PBXBuildFile; fileRef = 3F2FD8832BB4C3EC006D286B /* Preview Assets.xcassets */; };
		3F2FD88B2BB4C75A006D286B /* MainData.swift in Sources */ = {isa = PBXBuildFile; fileRef = 3F2FD88A2BB4C75A006D286B /* MainData.swift */; };
		448EACD02C03964200D4A176 /* MovieCollectionViewModel.swift in Sources */ = {isa = PBXBuildFile; fileRef = 448EACCF2C03964200D4A176 /* MovieCollectionViewModel.swift */; };
		448EACD22C03966D00D4A176 /* ApiCaller.swift in Sources */ = {isa = PBXBuildFile; fileRef = 448EACD12C03966D00D4A176 /* ApiCaller.swift */; };
		448EACD42C03E9E500D4A176 /* ImageRepository.swift in Sources */ = {isa = PBXBuildFile; fileRef = 448EACD32C03E9E500D4A176 /* ImageRepository.swift */; };
		448EACD62C03EC0A00D4A176 /* ImageView.swift in Sources */ = {isa = PBXBuildFile; fileRef = 448EACD52C03EC0A00D4A176 /* ImageView.swift */; };
		448EACD82C03F08D00D4A176 /* MovieCollectionView.swift in Sources */ = {isa = PBXBuildFile; fileRef = 448EACD72C03F08D00D4A176 /* MovieCollectionView.swift */; };
		448EACDA2C03FB5E00D4A176 /* MovieRepository.swift in Sources */ = {isa = PBXBuildFile; fileRef = 448EACD92C03FB5E00D4A176 /* MovieRepository.swift */; };
		448EACDE2C03FBA600D4A176 /* FavoriteMovieCollectionView.swift in Sources */ = {isa = PBXBuildFile; fileRef = 448EACDD2C03FBA600D4A176 /* FavoriteMovieCollectionView.swift */; };
		448EACE12C03FBD400D4A176 /* ContentViewModel.swift in Sources */ = {isa = PBXBuildFile; fileRef = 448EACE02C03FBD400D4A176 /* ContentViewModel.swift */; };
		44B66CF42C0403DC00191EBC /* FavoriteMovies.swift in Sources */ = {isa = PBXBuildFile; fileRef = 44B66CF32C0403DC00191EBC /* FavoriteMovies.swift */; };
		44B66CF62C0409E600191EBC /* FavoriteMovieCollectionViewModel.swift in Sources */ = {isa = PBXBuildFile; fileRef = 44B66CF52C0409E600191EBC /* FavoriteMovieCollectionViewModel.swift */; };
/* End PBXBuildFile section */

/* Begin PBXFileReference section */
		3F2FD8792BB4C3E8006D286B /* Movies.app */ = {isa = PBXFileReference; explicitFileType = wrapper.application; includeInIndex = 0; path = Movies.app; sourceTree = BUILT_PRODUCTS_DIR; };
		3F2FD87C2BB4C3E8006D286B /* MoviesApp.swift */ = {isa = PBXFileReference; lastKnownFileType = sourcecode.swift; path = MoviesApp.swift; sourceTree = "<group>"; };
		3F2FD87E2BB4C3E8006D286B /* ContentView.swift */ = {isa = PBXFileReference; lastKnownFileType = sourcecode.swift; path = ContentView.swift; sourceTree = "<group>"; };
		3F2FD8802BB4C3EC006D286B /* Assets.xcassets */ = {isa = PBXFileReference; lastKnownFileType = folder.assetcatalog; path = Assets.xcassets; sourceTree = "<group>"; };
		3F2FD8832BB4C3EC006D286B /* Preview Assets.xcassets */ = {isa = PBXFileReference; lastKnownFileType = folder.assetcatalog; path = "Preview Assets.xcassets"; sourceTree = "<group>"; };
		3F2FD88A2BB4C75A006D286B /* MainData.swift */ = {isa = PBXFileReference; lastKnownFileType = sourcecode.swift; path = MainData.swift; sourceTree = "<group>"; };
		448EACCF2C03964200D4A176 /* MovieCollectionViewModel.swift */ = {isa = PBXFileReference; lastKnownFileType = sourcecode.swift; path = MovieCollectionViewModel.swift; sourceTree = "<group>"; };
		448EACD12C03966D00D4A176 /* ApiCaller.swift */ = {isa = PBXFileReference; lastKnownFileType = sourcecode.swift; path = ApiCaller.swift; sourceTree = "<group>"; };
		448EACD32C03E9E500D4A176 /* ImageRepository.swift */ = {isa = PBXFileReference; lastKnownFileType = sourcecode.swift; path = ImageRepository.swift; sourceTree = "<group>"; };
		448EACD52C03EC0A00D4A176 /* ImageView.swift */ = {isa = PBXFileReference; lastKnownFileType = sourcecode.swift; path = ImageView.swift; sourceTree = "<group>"; };
		448EACD72C03F08D00D4A176 /* MovieCollectionView.swift */ = {isa = PBXFileReference; lastKnownFileType = sourcecode.swift; path = MovieCollectionView.swift; sourceTree = "<group>"; };
		448EACD92C03FB5E00D4A176 /* MovieRepository.swift */ = {isa = PBXFileReference; lastKnownFileType = sourcecode.swift; path = MovieRepository.swift; sourceTree = "<group>"; };
		448EACDD2C03FBA600D4A176 /* FavoriteMovieCollectionView.swift */ = {isa = PBXFileReference; lastKnownFileType = sourcecode.swift; path = FavoriteMovieCollectionView.swift; sourceTree = "<group>"; };
		448EACE02C03FBD400D4A176 /* ContentViewModel.swift */ = {isa = PBXFileReference; lastKnownFileType = sourcecode.swift; path = ContentViewModel.swift; sourceTree = "<group>"; };
		44B66CF32C0403DC00191EBC /* FavoriteMovies.swift */ = {isa = PBXFileReference; lastKnownFileType = sourcecode.swift; path = FavoriteMovies.swift; sourceTree = "<group>"; };
		44B66CF52C0409E600191EBC /* FavoriteMovieCollectionViewModel.swift */ = {isa = PBXFileReference; lastKnownFileType = sourcecode.swift; path = FavoriteMovieCollectionViewModel.swift; sourceTree = "<group>"; };
/* End PBXFileReference section */

/* Begin PBXFrameworksBuildPhase section */
		3F2FD8762BB4C3E8006D286B /* Frameworks */ = {
			isa = PBXFrameworksBuildPhase;
			buildActionMask = 2147483647;
			files = (
			);
			runOnlyForDeploymentPostprocessing = 0;
		};
/* End PBXFrameworksBuildPhase section */

/* Begin PBXGroup section */
		3F2FD8702BB4C3E8006D286B = {
			isa = PBXGroup;
			children = (
				3F2FD87B2BB4C3E8006D286B /* Movies */,
				3F2FD87A2BB4C3E8006D286B /* Products */,
			);
			sourceTree = "<group>";
		};
		3F2FD87A2BB4C3E8006D286B /* Products */ = {
			isa = PBXGroup;
			children = (
				3F2FD8792BB4C3E8006D286B /* Movies.app */,
			);
			name = Products;
			sourceTree = "<group>";
		};
		3F2FD87B2BB4C3E8006D286B /* Movies */ = {
			isa = PBXGroup;
			children = (
				3F2FD87C2BB4C3E8006D286B /* MoviesApp.swift */,
				3F2FD88A2BB4C75A006D286B /* MainData.swift */,
				448EACD12C03966D00D4A176 /* ApiCaller.swift */,
				448EACD32C03E9E500D4A176 /* ImageRepository.swift */,
				448EACD92C03FB5E00D4A176 /* MovieRepository.swift */,
				448EACD52C03EC0A00D4A176 /* ImageView.swift */,
				448EACDF2C03FBC400D4A176 /* ContentView */,
				448EACDC2C03FB9200D4A176 /* MovieCollection */,
				448EACDB2C03FB8600D4A176 /* Favorite */,
				3F2FD8802BB4C3EC006D286B /* Assets.xcassets */,
				3F2FD8822BB4C3EC006D286B /* Preview Content */,
				44B66CF32C0403DC00191EBC /* FavoriteMovies.swift */,
			);
			path = Movies;
			sourceTree = "<group>";
		};
		3F2FD8822BB4C3EC006D286B /* Preview Content */ = {
			isa = PBXGroup;
			children = (
				3F2FD8832BB4C3EC006D286B /* Preview Assets.xcassets */,
			);
			path = "Preview Content";
			sourceTree = "<group>";
		};
		448EACDB2C03FB8600D4A176 /* Favorite */ = {
			isa = PBXGroup;
			children = (
				448EACDD2C03FBA600D4A176 /* FavoriteMovieCollectionView.swift */,
				44B66CF52C0409E600191EBC /* FavoriteMovieCollectionViewModel.swift */,
			);
			path = Favorite;
			sourceTree = "<group>";
		};
		448EACDC2C03FB9200D4A176 /* MovieCollection */ = {
			isa = PBXGroup;
			children = (
				448EACD72C03F08D00D4A176 /* MovieCollectionView.swift */,
				448EACCF2C03964200D4A176 /* MovieCollectionViewModel.swift */,
			);
			path = MovieCollection;
			sourceTree = "<group>";
		};
		448EACDF2C03FBC400D4A176 /* ContentView */ = {
			isa = PBXGroup;
			children = (
				3F2FD87E2BB4C3E8006D286B /* ContentView.swift */,
				448EACE02C03FBD400D4A176 /* ContentViewModel.swift */,
			);
			path = ContentView;
			sourceTree = "<group>";
		};
/* End PBXGroup section */

/* Begin PBXNativeTarget section */
		3F2FD8782BB4C3E8006D286B /* Movies */ = {
			isa = PBXNativeTarget;
			buildConfigurationList = 3F2FD8872BB4C3EC006D286B /* Build configuration list for PBXNativeTarget "Movies" */;
			buildPhases = (
				3F2FD8752BB4C3E8006D286B /* Sources */,
				3F2FD8762BB4C3E8006D286B /* Frameworks */,
				3F2FD8772BB4C3E8006D286B /* Resources */,
			);
			buildRules = (
			);
			dependencies = (
			);
			name = Movies;
			productName = EbayTest;
			productReference = 3F2FD8792BB4C3E8006D286B /* Movies.app */;
			productType = "com.apple.product-type.application";
		};
/* End PBXNativeTarget section */

/* Begin PBXProject section */
		3F2FD8712BB4C3E8006D286B /* Project object */ = {
			isa = PBXProject;
			attributes = {
				BuildIndependentTargetsInParallel = 1;
				LastSwiftUpdateCheck = 1530;
				LastUpgradeCheck = 1530;
				TargetAttributes = {
					3F2FD8782BB4C3E8006D286B = {
						CreatedOnToolsVersion = 15.3;
					};
				};
			};
			buildConfigurationList = 3F2FD8742BB4C3E8006D286B /* Build configuration list for PBXProject "Movies" */;
			compatibilityVersion = "Xcode 14.0";
			developmentRegion = en;
			hasScannedForEncodings = 0;
			knownRegions = (
				en,
				Base,
			);
			mainGroup = 3F2FD8702BB4C3E8006D286B;
			productRefGroup = 3F2FD87A2BB4C3E8006D286B /* Products */;
			projectDirPath = "";
			projectRoot = "";
			targets = (
				3F2FD8782BB4C3E8006D286B /* Movies */,
			);
		};
/* End PBXProject section */

/* Begin PBXResourcesBuildPhase section */
		3F2FD8772BB4C3E8006D286B /* Resources */ = {
			isa = PBXResourcesBuildPhase;
			buildActionMask = 2147483647;
			files = (
				3F2FD8842BB4C3EC006D286B /* Preview Assets.xcassets in Resources */,
				3F2FD8812BB4C3EC006D286B /* Assets.xcassets in Resources */,
			);
			runOnlyForDeploymentPostprocessing = 0;
		};
/* End PBXResourcesBuildPhase section */

/* Begin PBXSourcesBuildPhase section */
		3F2FD8752BB4C3E8006D286B /* Sources */ = {
			isa = PBXSourcesBuildPhase;
			buildActionMask = 2147483647;
			files = (
				448EACD02C03964200D4A176 /* MovieCollectionViewModel.swift in Sources */,
				448EACD42C03E9E500D4A176 /* ImageRepository.swift in Sources */,
				448EACDA2C03FB5E00D4A176 /* MovieRepository.swift in Sources */,
				3F2FD87F2BB4C3E8006D286B /* ContentView.swift in Sources */,
				448EACD82C03F08D00D4A176 /* MovieCollectionView.swift in Sources */,
				3F2FD88B2BB4C75A006D286B /* MainData.swift in Sources */,
				44B66CF62C0409E600191EBC /* FavoriteMovieCollectionViewModel.swift in Sources */,
				3F2FD87D2BB4C3E8006D286B /* MoviesApp.swift in Sources */,
				448EACE12C03FBD400D4A176 /* ContentViewModel.swift in Sources */,
				448EACD62C03EC0A00D4A176 /* ImageView.swift in Sources */,
				448EACDE2C03FBA600D4A176 /* FavoriteMovieCollectionView.swift in Sources */,
				44B66CF42C0403DC00191EBC /* FavoriteMovies.swift in Sources */,
				448EACD22C03966D00D4A176 /* ApiCaller.swift in Sources */,
			);
			runOnlyForDeploymentPostprocessing = 0;
		};
/* End PBXSourcesBuildPhase section */

/* Begin XCBuildConfiguration section */
		3F2FD8852BB4C3EC006D286B /* Debug */ = {
			isa = XCBuildConfiguration;
			buildSettings = {
				ALWAYS_SEARCH_USER_PATHS = NO;
				ASSETCATALOG_COMPILER_GENERATE_SWIFT_ASSET_SYMBOL_EXTENSIONS = YES;
				CLANG_ANALYZER_NONNULL = YES;
				CLANG_ANALYZER_NUMBER_OBJECT_CONVERSION = YES_AGGRESSIVE;
				CLANG_CXX_LANGUAGE_STANDARD = "gnu++20";
				CLANG_ENABLE_MODULES = YES;
				CLANG_ENABLE_OBJC_ARC = YES;
				CLANG_ENABLE_OBJC_WEAK = YES;
				CLANG_WARN_BLOCK_CAPTURE_AUTORELEASING = YES;
				CLANG_WARN_BOOL_CONVERSION = YES;
				CLANG_WARN_COMMA = YES;
				CLANG_WARN_CONSTANT_CONVERSION = YES;
				CLANG_WARN_DEPRECATED_OBJC_IMPLEMENTATIONS = YES;
				CLANG_WARN_DIRECT_OBJC_ISA_USAGE = YES_ERROR;
				CLANG_WARN_DOCUMENTATION_COMMENTS = YES;
				CLANG_WARN_EMPTY_BODY = YES;
				CLANG_WARN_ENUM_CONVERSION = YES;
				CLANG_WARN_INFINITE_RECURSION = YES;
				CLANG_WARN_INT_CONVERSION = YES;
				CLANG_WARN_NON_LITERAL_NULL_CONVERSION = YES;
				CLANG_WARN_OBJC_IMPLICIT_RETAIN_SELF = YES;
				CLANG_WARN_OBJC_LITERAL_CONVERSION = YES;
				CLANG_WARN_OBJC_ROOT_CLASS = YES_ERROR;
				CLANG_WARN_QUOTED_INCLUDE_IN_FRAMEWORK_HEADER = YES;
				CLANG_WARN_RANGE_LOOP_ANALYSIS = YES;
				CLANG_WARN_STRICT_PROTOTYPES = YES;
				CLANG_WARN_SUSPICIOUS_MOVE = YES;
				CLANG_WARN_UNGUARDED_AVAILABILITY = YES_AGGRESSIVE;
				CLANG_WARN_UNREACHABLE_CODE = YES;
				CLANG_WARN__DUPLICATE_METHOD_MATCH = YES;
				COPY_PHASE_STRIP = NO;
				DEBUG_INFORMATION_FORMAT = dwarf;
				ENABLE_STRICT_OBJC_MSGSEND = YES;
				ENABLE_TESTABILITY = YES;
				ENABLE_USER_SCRIPT_SANDBOXING = YES;
				GCC_C_LANGUAGE_STANDARD = gnu17;
				GCC_DYNAMIC_NO_PIC = NO;
				GCC_NO_COMMON_BLOCKS = YES;
				GCC_OPTIMIZATION_LEVEL = 0;
				GCC_PREPROCESSOR_DEFINITIONS = (
					"DEBUG=1",
					"$(inherited)",
				);
				GCC_WARN_64_TO_32_BIT_CONVERSION = YES;
				GCC_WARN_ABOUT_RETURN_TYPE = YES_ERROR;
				GCC_WARN_UNDECLARED_SELECTOR = YES;
				GCC_WARN_UNINITIALIZED_AUTOS = YES_AGGRESSIVE;
				GCC_WARN_UNUSED_FUNCTION = YES;
				GCC_WARN_UNUSED_VARIABLE = YES;
				IPHONEOS_DEPLOYMENT_TARGET = 16.0;
				LOCALIZATION_PREFERS_STRING_CATALOGS = YES;
				MTL_ENABLE_DEBUG_INFO = INCLUDE_SOURCE;
				MTL_FAST_MATH = YES;
				ONLY_ACTIVE_ARCH = YES;
				SDKROOT = iphoneos;
				SWIFT_ACTIVE_COMPILATION_CONDITIONS = "DEBUG $(inherited)";
				SWIFT_OPTIMIZATION_LEVEL = "-Onone";
			};
			name = Debug;
		};
		3F2FD8862BB4C3EC006D286B /* Release */ = {
			isa = XCBuildConfiguration;
			buildSettings = {
				ALWAYS_SEARCH_USER_PATHS = NO;
				ASSETCATALOG_COMPILER_GENERATE_SWIFT_ASSET_SYMBOL_EXTENSIONS = YES;
				CLANG_ANALYZER_NONNULL = YES;
				CLANG_ANALYZER_NUMBER_OBJECT_CONVERSION = YES_AGGRESSIVE;
				CLANG_CXX_LANGUAGE_STANDARD = "gnu++20";
				CLANG_ENABLE_MODULES = YES;
				CLANG_ENABLE_OBJC_ARC = YES;
				CLANG_ENABLE_OBJC_WEAK = YES;
				CLANG_WARN_BLOCK_CAPTURE_AUTORELEASING = YES;
				CLANG_WARN_BOOL_CONVERSION = YES;
				CLANG_WARN_COMMA = YES;
				CLANG_WARN_CONSTANT_CONVERSION = YES;
				CLANG_WARN_DEPRECATED_OBJC_IMPLEMENTATIONS = YES;
				CLANG_WARN_DIRECT_OBJC_ISA_USAGE = YES_ERROR;
				CLANG_WARN_DOCUMENTATION_COMMENTS = YES;
				CLANG_WARN_EMPTY_BODY = YES;
				CLANG_WARN_ENUM_CONVERSION = YES;
				CLANG_WARN_INFINITE_RECURSION = YES;
				CLANG_WARN_INT_CONVERSION = YES;
				CLANG_WARN_NON_LITERAL_NULL_CONVERSION = YES;
				CLANG_WARN_OBJC_IMPLICIT_RETAIN_SELF = YES;
				CLANG_WARN_OBJC_LITERAL_CONVERSION = YES;
				CLANG_WARN_OBJC_ROOT_CLASS = YES_ERROR;
				CLANG_WARN_QUOTED_INCLUDE_IN_FRAMEWORK_HEADER = YES;
				CLANG_WARN_RANGE_LOOP_ANALYSIS = YES;
				CLANG_WARN_STRICT_PROTOTYPES = YES;
				CLANG_WARN_SUSPICIOUS_MOVE = YES;
				CLANG_WARN_UNGUARDED_AVAILABILITY = YES_AGGRESSIVE;
				CLANG_WARN_UNREACHABLE_CODE = YES;
				CLANG_WARN__DUPLICATE_METHOD_MATCH = YES;
				COPY_PHASE_STRIP = NO;
				DEBUG_INFORMATION_FORMAT = "dwarf-with-dsym";
				ENABLE_NS_ASSERTIONS = NO;
				ENABLE_STRICT_OBJC_MSGSEND = YES;
				ENABLE_USER_SCRIPT_SANDBOXING = YES;
				GCC_C_LANGUAGE_STANDARD = gnu17;
				GCC_NO_COMMON_BLOCKS = YES;
				GCC_WARN_64_TO_32_BIT_CONVERSION = YES;
				GCC_WARN_ABOUT_RETURN_TYPE = YES_ERROR;
				GCC_WARN_UNDECLARED_SELECTOR = YES;
				GCC_WARN_UNINITIALIZED_AUTOS = YES_AGGRESSIVE;
				GCC_WARN_UNUSED_FUNCTION = YES;
				GCC_WARN_UNUSED_VARIABLE = YES;
				IPHONEOS_DEPLOYMENT_TARGET = 16.0;
				LOCALIZATION_PREFERS_STRING_CATALOGS = YES;
				MTL_ENABLE_DEBUG_INFO = NO;
				MTL_FAST_MATH = YES;
				SDKROOT = iphoneos;
				SWIFT_COMPILATION_MODE = wholemodule;
				VALIDATE_PRODUCT = YES;
			};
			name = Release;
		};
		3F2FD8882BB4C3EC006D286B /* Debug */ = {
			isa = XCBuildConfiguration;
			buildSettings = {
				ASSETCATALOG_COMPILER_APPICON_NAME = AppIcon;
				ASSETCATALOG_COMPILER_GLOBAL_ACCENT_COLOR_NAME = AccentColor;
				CODE_SIGN_IDENTITY = "Apple Development";
				CODE_SIGN_STYLE = Automatic;
				CURRENT_PROJECT_VERSION = 1;
				DEVELOPMENT_ASSET_PATHS = "\"Movies/Preview Content\"";
				DEVELOPMENT_TEAM = D4C78D8QSR;
				ENABLE_PREVIEWS = YES;
				GENERATE_INFOPLIST_FILE = YES;
				INFOPLIST_KEY_CFBundleDisplayName = Movies;
				INFOPLIST_KEY_UIApplicationSceneManifest_Generation = YES;
				INFOPLIST_KEY_UIApplicationSupportsIndirectInputEvents = YES;
				INFOPLIST_KEY_UILaunchScreen_Generation = YES;
				INFOPLIST_KEY_UISupportedInterfaceOrientations_iPad = "UIInterfaceOrientationPortrait UIInterfaceOrientationPortraitUpsideDown UIInterfaceOrientationLandscapeLeft UIInterfaceOrientationLandscapeRight";
				INFOPLIST_KEY_UISupportedInterfaceOrientations_iPhone = "UIInterfaceOrientationPortrait UIInterfaceOrientationLandscapeLeft UIInterfaceOrientationLandscapeRight";
				LD_RUNPATH_SEARCH_PATHS = (
					"$(inherited)",
					"@executable_path/Frameworks",
				);
				MARKETING_VERSION = 1.0;
				PRODUCT_BUNDLE_IDENTIFIER = com.hari.Movies;
				PRODUCT_NAME = "$(TARGET_NAME)";
				PROVISIONING_PROFILE_SPECIFIER = "";
				SWIFT_EMIT_LOC_STRINGS = YES;
				SWIFT_VERSION = 5.0;
				TARGETED_DEVICE_FAMILY = "1,2";
			};
			name = Debug;
		};
		3F2FD8892BB4C3EC006D286B /* Release */ = {
			isa = XCBuildConfiguration;
			buildSettings = {
				ASSETCATALOG_COMPILER_APPICON_NAME = AppIcon;
				ASSETCATALOG_COMPILER_GLOBAL_ACCENT_COLOR_NAME = AccentColor;
				CODE_SIGN_IDENTITY = "Apple Development";
				CODE_SIGN_STYLE = Automatic;
				CURRENT_PROJECT_VERSION = 1;
				DEVELOPMENT_ASSET_PATHS = "\"Movies/Preview Content\"";
				DEVELOPMENT_TEAM = D4C78D8QSR;
				ENABLE_PREVIEWS = YES;
				GENERATE_INFOPLIST_FILE = YES;
				INFOPLIST_KEY_CFBundleDisplayName = Movies;
				INFOPLIST_KEY_UIApplicationSceneManifest_Generation = YES;
				INFOPLIST_KEY_UIApplicationSupportsIndirectInputEvents = YES;
				INFOPLIST_KEY_UILaunchScreen_Generation = YES;
				INFOPLIST_KEY_UISupportedInterfaceOrientations_iPad = "UIInterfaceOrientationPortrait UIInterfaceOrientationPortraitUpsideDown UIInterfaceOrientationLandscapeLeft UIInterfaceOrientationLandscapeRight";
				INFOPLIST_KEY_UISupportedInterfaceOrientations_iPhone = "UIInterfaceOrientationPortrait UIInterfaceOrientationLandscapeLeft UIInterfaceOrientationLandscapeRight";
				LD_RUNPATH_SEARCH_PATHS = (
					"$(inherited)",
					"@executable_path/Frameworks",
				);
				MARKETING_VERSION = 1.0;
				PRODUCT_BUNDLE_IDENTIFIER = com.hari.Movies;
				PRODUCT_NAME = "$(TARGET_NAME)";
				PROVISIONING_PROFILE_SPECIFIER = "";
				SWIFT_EMIT_LOC_STRINGS = YES;
				SWIFT_VERSION = 5.0;
				TARGETED_DEVICE_FAMILY = "1,2";
			};
			name = Release;
		};
/* End XCBuildConfiguration section */

/* Begin XCConfigurationList section */
		3F2FD8742BB4C3E8006D286B /* Build configuration list for PBXProject "Movies" */ = {
			isa = XCConfigurationList;
			buildConfigurations = (
				3F2FD8852BB4C3EC006D286B /* Debug */,
				3F2FD8862BB4C3EC006D286B /* Release */,
			);
			defaultConfigurationIsVisible = 0;
			defaultConfigurationName = Release;
		};
		3F2FD8872BB4C3EC006D286B /* Build configuration list for PBXNativeTarget "Movies" */ = {
			isa = XCConfigurationList;
			buildConfigurations = (
				3F2FD8882BB4C3EC006D286B /* Debug */,
				3F2FD8892BB4C3EC006D286B /* Release */,
			);
			defaultConfigurationIsVisible = 0;
			defaultConfigurationName = Release;
		};
/* End XCConfigurationList section */
	};
	rootObject = 3F2FD8712BB4C3E8006D286B /* Project object */;
}
